{
    "requires": true,
    "lockfileVersion": 1,
    "dependencies": {
        "axios": {
            "version": "0.21.1",
            "resolved": "https://registry.npmjs.org/axios/-/axios-0.21.1.tgz",
            "integrity": "sha512-dKQiRHxGD9PPRIUNIWvZhPTPpl1rf/OxTYKsqKUDjBwYylTvV7SjSHJb9ratfyzM6wCdLCOYLzs73qpg5c4iGA==",
            "dev": true,
            "requires": {
                "follow-redirects": "^1.10.0"
            }
        },
        "bootstrap": {
            "version": "5.0.0-beta2",
            "resolved": "https://registry.npmjs.org/bootstrap/-/bootstrap-5.0.0-beta2.tgz",
            "integrity": "sha512-e+uPbPHqTQWKyCX435uVlOmgH9tUt0xtjvyOC7knhKgOS643BrQKuTo+KecGpPV7qlmOyZgCfaM4xxPWtDEN/g==",
            "dev": true
        },
        "colorette": {
            "version": "1.2.1",
            "resolved": "https://registry.npmjs.org/colorette/-/colorette-1.2.1.tgz",
            "integrity": "sha512-puCDz0CzydiSYOrnXpz/PKd69zRrribezjtE9yd4zvytoRc8+RY/KJPvtPFKZS3E3wP6neGyMe0vOTlHO5L3Pw==",
            "dev": true
        },
        "follow-redirects": {
            "version": "1.13.2",
            "resolved": "https://registry.npmjs.org/follow-redirects/-/follow-redirects-1.13.2.tgz",
            "integrity": "sha512-6mPTgLxYm3r6Bkkg0vNM0HTjfGrOEtsfbhagQvbxDEsEkpNhw582upBaoRZylzen6krEmxXJgt9Ju6HiI4O7BA==",
            "dev": true
        },
        "lodash": {
            "version": "4.17.20",
            "resolved": "https://registry.npmjs.org/lodash/-/lodash-4.17.20.tgz",
            "integrity": "sha512-PlhdFcillOINfeV7Ni6oF1TAEayyZBoZ8bcshTHqOYJYlrqzRK5hagpagky5o4HfCzzd1TRkXPMFq6cKk9rGmA==",
            "dev": true
        },
        "nanoid": {
            "version": "3.1.20",
            "resolved": "https://registry.npmjs.org/nanoid/-/nanoid-3.1.20.tgz",
            "integrity": "sha512-a1cQNyczgKbLX9jwbS/+d7W8fX/RfgYR7lVWwWOGIPNgK2m0MWvrGF6/m4kk6U3QcFMnZf3RIhL0v2Jgh/0Uxw==",
            "dev": true
        },
        "postcss": {
            "version": "8.2.6",
            "resolved": "https://registry.npmjs.org/postcss/-/postcss-8.2.6.tgz",
            "integrity": "sha512-xpB8qYxgPuly166AGlpRjUdEYtmOWx2iCwGmrv4vqZL9YPVviDVPZPRXxnXr6xPZOdxQ9lp3ZBFCRgWJ7LE3Sg==",
            "dev": true,
            "requires": {
                "colorette": "^1.2.1",
                "nanoid": "^3.1.20",
                "source-map": "^0.6.1"
            },
            "dependencies": {
                "source-map": {
                    "version": "0.6.1",
                    "resolved": "https://registry.npmjs.org/source-map/-/source-map-0.6.1.tgz",
                    "integrity": "sha512-UjgapumWlbMhkBgzT7Ykc5YXUT46F0iKu8SGXq0bcwP5dz/h0Plj6enJqjz1Zbq2l5WaqYnrVbwWOWMyF3F47g==",
                    "dev": true
                }
            }
        }
    }
}
